
Microsoft Visual Studio Solution File, Format Version 11.00
# Visual Studio 2010
Project("{FAE04EC0-301F-11D3-BF4B-00C04F79EFBC}") = "SundoDiary.Downloader", "SundoDownloader\SundoDiary.Downloader.csproj", "{EE54351C-FF8F-47D8-A401-C9DE3387670A}"
EndProject
Project("{FAE04EC0-301F-11D3-BF4B-00C04F79EFBC}") = "SundoDiary.Test", "SundoDownloader.Test\SundoDiary.Test.csproj", "{AA45CE1C-E521-4E63-934B-E1BAB631DA19}"
EndProject
Project("{FAE04EC0-301F-11D3-BF4B-00C04F79EFBC}") = "SundoDiary.Domain", "SundoDownloader.Domain\SundoDiary.Domain.csproj", "{37A71B2A-C813-4A66-9148-8C7912ECFF89}"
EndProject
Project("{FAE04EC0-301F-11D3-BF4B-00C04F79EFBC}") = "SundoDiary", "SundoWeb\SundoDiary.csproj", "{9AF1818A-A6D4-4338-9EC1-1D13AC022763}"
EndProject
Global
	GlobalSection(SolutionConfigurationPlatforms) = preSolution
		Debug|Any CPU = Debug|Any CPU
		Debug|Mixed Platforms = Debug|Mixed Platforms
		Debug|x86 = Debug|x86
		Release|Any CPU = Release|Any CPU
		Release|Mixed Platforms = Release|Mixed Platforms
		Release|x86 = Release|x86
	EndGlobalSection
	GlobalSection(ProjectConfigurationPlatforms) = postSolution
		{EE54351C-FF8F-47D8-A401-C9DE3387670A}.Debug|Any CPU.ActiveCfg = Debug|x86
		{EE54351C-FF8F-47D8-A401-C9DE3387670A}.Debug|Mixed Platforms.ActiveCfg = Debug|x86
		{EE54351C-FF8F-47D8-A401-C9DE3387670A}.Debug|Mixed Platforms.Build.0 = Debug|x86
		{EE54351C-FF8F-47D8-A401-C9DE3387670A}.Debug|x86.ActiveCfg = Debug|x86
		{EE54351C-FF8F-47D8-A401-C9DE3387670A}.Debug|x86.Build.0 = Debug|x86
		{EE54351C-FF8F-47D8-A401-C9DE3387670A}.Release|Any CPU.ActiveCfg = Release|x86
		{EE54351C-FF8F-47D8-A401-C9DE3387670A}.Release|Mixed Platforms.ActiveCfg = Release|x86
		{EE54351C-FF8F-47D8-A401-C9DE3387670A}.Release|Mixed Platforms.Build.0 = Release|x86
		{EE54351C-FF8F-47D8-A401-C9DE3387670A}.Release|x86.ActiveCfg = Release|x86
		{EE54351C-FF8F-47D8-A401-C9DE3387670A}.Release|x86.Build.0 = Release|x86
		{AA45CE1C-E521-4E63-934B-E1BAB631DA19}.Debug|Any CPU.ActiveCfg = Debug|Any CPU
		{AA45CE1C-E521-4E63-934B-E1BAB631DA19}.Debug|Any CPU.Build.0 = Debug|Any CPU
		{AA45CE1C-E521-4E63-934B-E1BAB631DA19}.Debug|Mixed Platforms.ActiveCfg = Debug|Any CPU
		{AA45CE1C-E521-4E63-934B-E1BAB631DA19}.Debug|Mixed Platforms.Build.0 = Debug|Any CPU
		{AA45CE1C-E521-4E63-934B-E1BAB631DA19}.Debug|x86.ActiveCfg = Debug|Any CPU
		{AA45CE1C-E521-4E63-934B-E1BAB631DA19}.Release|Any CPU.ActiveCfg = Release|Any CPU
		{AA45CE1C-E521-4E63-934B-E1BAB631DA19}.Release|Any CPU.Build.0 = Release|Any CPU
		{AA45CE1C-E521-4E63-934B-E1BAB631DA19}.Release|Mixed Platforms.ActiveCfg = Release|Any CPU
		{AA45CE1C-E521-4E63-934B-E1BAB631DA19}.Release|Mixed Platforms.Build.0 = Release|Any CPU
		{AA45CE1C-E521-4E63-934B-E1BAB631DA19}.Release|x86.ActiveCfg = Release|Any CPU
		{37A71B2A-C813-4A66-9148-8C7912ECFF89}.Debug|Any CPU.ActiveCfg = Debug|Any CPU
		{37A71B2A-C813-4A66-9148-8C7912ECFF89}.Debug|Any CPU.Build.0 = Debug|Any CPU
		{37A71B2A-C813-4A66-9148-8C7912ECFF89}.Debug|Mixed Platforms.ActiveCfg = Debug|Any CPU
		{37A71B2A-C813-4A66-9148-8C7912ECFF89}.Debug|Mixed Platforms.Build.0 = Debug|Any CPU
		{37A71B2A-C813-4A66-9148-8C7912ECFF89}.Debug|x86.ActiveCfg = Debug|Any CPU
		{37A71B2A-C813-4A66-9148-8C7912ECFF89}.Release|Any CPU.ActiveCfg = Release|Any CPU
		{37A71B2A-C813-4A66-9148-8C7912ECFF89}.Release|Any CPU.Build.0 = Release|Any CPU
		{37A71B2A-C813-4A66-9148-8C7912ECFF89}.Release|Mixed Platforms.ActiveCfg = Release|Any CPU
		{37A71B2A-C813-4A66-9148-8C7912ECFF89}.Release|Mixed Platforms.Build.0 = Release|Any CPU
		{37A71B2A-C813-4A66-9148-8C7912ECFF89}.Release|x86.ActiveCfg = Release|Any CPU
		{9AF1818A-A6D4-4338-9EC1-1D13AC022763}.Debug|Any CPU.ActiveCfg = Debug|Any CPU
		{9AF1818A-A6D4-4338-9EC1-1D13AC022763}.Debug|Any CPU.Build.0 = Debug|Any CPU
		{9AF1818A-A6D4-4338-9EC1-1D13AC022763}.Debug|Mixed Platforms.ActiveCfg = Debug|Any CPU
		{9AF1818A-A6D4-4338-9EC1-1D13AC022763}.Debug|Mixed Platforms.Build.0 = Debug|Any CPU
		{9AF1818A-A6D4-4338-9EC1-1D13AC022763}.Debug|x86.ActiveCfg = Debug|Any CPU
		{9AF1818A-A6D4-4338-9EC1-1D13AC022763}.Release|Any CPU.ActiveCfg = Release|Any CPU
		{9AF1818A-A6D4-4338-9EC1-1D13AC022763}.Release|Any CPU.Build.0 = Release|Any CPU
		{9AF1818A-A6D4-4338-9EC1-1D13AC022763}.Release|Mixed Platforms.ActiveCfg = Release|Any CPU
		{9AF1818A-A6D4-4338-9EC1-1D13AC022763}.Release|Mixed Platforms.Build.0 = Release|Any CPU
		{9AF1818A-A6D4-4338-9EC1-1D13AC022763}.Release|x86.ActiveCfg = Release|Any CPU
	EndGlobalSection
	GlobalSection(SolutionProperties) = preSolution
		HideSolutionNode = FALSE
	EndGlobalSection
EndGlobal
